// !$*UTF8*$!
{
	archiveVersion = 1;
	classes = {
	};
	objectVersion = 46;
	objects = {

/* Begin PBXBuildFile section */
		42D4EDC91A9E7F02006AE807 /* AppDelegate.swift in Sources */ = {isa = PBXBuildFile; fileRef = 42D4EDC81A9E7F02006AE807 /* AppDelegate.swift */; };
		42D4EDCC1A9E7F02006AE807 /* WeatherAroundUs.xcdatamodeld in Sources */ = {isa = PBXBuildFile; fileRef = 42D4EDCA1A9E7F02006AE807 /* WeatherAroundUs.xcdatamodeld */; };
		42D4EDCE1A9E7F02006AE807 /* ViewController.swift in Sources */ = {isa = PBXBuildFile; fileRef = 42D4EDCD1A9E7F02006AE807 /* ViewController.swift */; };
		42D4EDD11A9E7F02006AE807 /* Main.storyboard in Resources */ = {isa = PBXBuildFile; fileRef = 42D4EDCF1A9E7F02006AE807 /* Main.storyboard */; };
		42D4EDD31A9E7F02006AE807 /* Images.xcassets in Resources */ = {isa = PBXBuildFile; fileRef = 42D4EDD21A9E7F02006AE807 /* Images.xcassets */; };
		42D4EDD61A9E7F02006AE807 /* LaunchScreen.xib in Resources */ = {isa = PBXBuildFile; fileRef = 42D4EDD41A9E7F02006AE807 /* LaunchScreen.xib */; };
		42D4EDE21A9E7F02006AE807 /* WeatherAroundUsTests.swift in Sources */ = {isa = PBXBuildFile; fileRef = 42D4EDE11A9E7F02006AE807 /* WeatherAroundUsTests.swift */; };
/* End PBXBuildFile section */

/* Begin PBXContainerItemProxy section */
		42D4EDDC1A9E7F02006AE807 /* PBXContainerItemProxy */ = {
			isa = PBXContainerItemProxy;
			containerPortal = 42D4EDBB1A9E7F02006AE807 /* Project object */;
			proxyType = 1;
			remoteGlobalIDString = 42D4EDC21A9E7F02006AE807;
			remoteInfo = WeatherAroundUs;
		};
/* End PBXContainerItemProxy section */

/* Begin PBXFileReference section */
		42D4EDC31A9E7F02006AE807 /* WeatherAroundUs.app */ = {isa = PBXFileReference; explicitFileType = wrapper.application; includeInIndex = 0; path = WeatherAroundUs.app; sourceTree = BUILT_PRODUCTS_DIR; };
		42D4EDC71A9E7F02006AE807 /* Info.plist */ = {isa = PBXFileReference; lastKnownFileType = text.plist.xml; path = Info.plist; sourceTree = "<group>"; };
		42D4EDC81A9E7F02006AE807 /* AppDelegate.swift */ = {isa = PBXFileReference; lastKnownFileType = sourcecode.swift; path = AppDelegate.swift; sourceTree = "<group>"; };
		42D4EDCB1A9E7F02006AE807 /* WeatherAroundUs.xcdatamodel */ = {isa = PBXFileReference; lastKnownFileType = wrapper.xcdatamodel; path = WeatherAroundUs.xcdatamodel; sourceTree = "<group>"; };
		42D4EDCD1A9E7F02006AE807 /* ViewController.swift */ = {isa = PBXFileReference; lastKnownFileType = sourcecode.swift; path = ViewController.swift; sourceTree = "<group>"; };
		42D4EDD01A9E7F02006AE807 /* Base */ = {isa = PBXFileReference; lastKnownFileType = file.storyboard; name = Base; path = Base.lproj/Main.storyboard; sourceTree = "<group>"; };
		42D4EDD21A9E7F02006AE807 /* Images.xcassets */ = {isa = PBXFileReference; lastKnownFileType = folder.assetcatalog; path = Images.xcassets; sourceTree = "<group>"; };
		42D4EDD51A9E7F02006AE807 /* Base */ = {isa = PBXFileReference; lastKnownFileType = file.xib; name = Base; path = Base.lproj/LaunchScreen.xib; sourceTree = "<group>"; };
		42D4EDDB1A9E7F02006AE807 /* WeatherAroundUsTests.xctest */ = {isa = PBXFileReference; explicitFileType = wrapper.cfbundle; includeInIndex = 0; path = WeatherAroundUsTests.xctest; sourceTree = BUILT_PRODUCTS_DIR; };
		42D4EDE01A9E7F02006AE807 /* Info.plist */ = {isa = PBXFileReference; lastKnownFileType = text.plist.xml; path = Info.plist; sourceTree = "<group>"; };
		42D4EDE11A9E7F02006AE807 /* WeatherAroundUsTests.swift */ = {isa = PBXFileReference; lastKnownFileType = sourcecode.swift; path = WeatherAroundUsTests.swift; sourceTree = "<group>"; };
/* End PBXFileReference section */

/* Begin PBXFrameworksBuildPhase section */
		42D4EDC01A9E7F02006AE807 /* Frameworks */ = {
			isa = PBXFrameworksBuildPhase;
			buildActionMask = 2147483647;
			files = (
			);
			runOnlyForDeploymentPostprocessing = 0;
		};
		42D4EDD81A9E7F02006AE807 /* Frameworks */ = {
			isa = PBXFrameworksBuildPhase;
			buildActionMask = 2147483647;
			files = (
			);
			runOnlyForDeploymentPostprocessing = 0;
		};
/* End PBXFrameworksBuildPhase section */

/* Begin PBXGroup section */
		42D4EDBA1A9E7F02006AE807 = {
			isa = PBXGroup;
			children = (
				42D4EDC51A9E7F02006AE807 /* WeatherAroundUs */,
				42D4EDDE1A9E7F02006AE807 /* WeatherAroundUsTests */,
				42D4EDC41A9E7F02006AE807 /* Products */,
			);
			sourceTree = "<group>";
		};
		42D4EDC41A9E7F02006AE807 /* Products */ = {
			isa = PBXGroup;
			children = (
				42D4EDC31A9E7F02006AE807 /* WeatherAroundUs.app */,
				42D4EDDB1A9E7F02006AE807 /* WeatherAroundUsTests.xctest */,
			);
			name = Products;
			sourceTree = "<group>";
		};
		42D4EDC51A9E7F02006AE807 /* WeatherAroundUs */ = {
			isa = PBXGroup;
			children = (
				42D4EDC81A9E7F02006AE807 /* AppDelegate.swift */,
				42D4EDCD1A9E7F02006AE807 /* ViewController.swift */,
				42D4EDCF1A9E7F02006AE807 /* Main.storyboard */,
				42D4EDD21A9E7F02006AE807 /* Images.xcassets */,
				42D4EDD41A9E7F02006AE807 /* LaunchScreen.xib */,
				42D4EDCA1A9E7F02006AE807 /* WeatherAroundUs.xcdatamodeld */,
				42D4EDC61A9E7F02006AE807 /* Supporting Files */,
			);
			path = WeatherAroundUs;
			sourceTree = "<group>";
		};
		42D4EDC61A9E7F02006AE807 /* Supporting Files */ = {
			isa = PBXGroup;
			children = (
				42D4EDC71A9E7F02006AE807 /* Info.plist */,
			);
			name = "Supporting Files";
			sourceTree = "<group>";
		};
		42D4EDDE1A9E7F02006AE807 /* WeatherAroundUsTests */ = {
			isa = PBXGroup;
			children = (
				42D4EDE11A9E7F02006AE807 /* WeatherAroundUsTests.swift */,
				42D4EDDF1A9E7F02006AE807 /* Supporting Files */,
			);
			path = WeatherAroundUsTests;
			sourceTree = "<group>";
		};
		42D4EDDF1A9E7F02006AE807 /* Supporting Files */ = {
			isa = PBXGroup;
			children = (
				42D4EDE01A9E7F02006AE807 /* Info.plist */,
			);
			name = "Supporting Files";
			sourceTree = "<group>";
		};
/* End PBXGroup section */

/* Begin PBXNativeTarget section */
		42D4EDC21A9E7F02006AE807 /* WeatherAroundUs */ = {
			isa = PBXNativeTarget;
			buildConfigurationList = 42D4EDE51A9E7F02006AE807 /* Build configuration list for PBXNativeTarget "WeatherAroundUs" */;
			buildPhases = (
				42D4EDBF1A9E7F02006AE807 /* Sources */,
				42D4EDC01A9E7F02006AE807 /* Frameworks */,
				42D4EDC11A9E7F02006AE807 /* Resources */,
			);
			buildRules = (
			);
			dependencies = (
			);
			name = WeatherAroundUs;
			productName = WeatherAroundUs;
			productReference = 42D4EDC31A9E7F02006AE807 /* WeatherAroundUs.app */;
			productType = "com.apple.product-type.application";
		};
		42D4EDDA1A9E7F02006AE807 /* WeatherAroundUsTests */ = {
			isa = PBXNativeTarget;
			buildConfigurationList = 42D4EDE81A9E7F02006AE807 /* Build configuration list for PBXNativeTarget "WeatherAroundUsTests" */;
			buildPhases = (
				42D4EDD71A9E7F02006AE807 /* Sources */,
				42D4EDD81A9E7F02006AE807 /* Frameworks */,
				42D4EDD91A9E7F02006AE807 /* Resources */,
			);
			buildRules = (
			);
			dependencies = (
				42D4EDDD1A9E7F02006AE807 /* PBXTargetDependency */,
			);
			name = WeatherAroundUsTests;
			productName = WeatherAroundUsTests;
			productReference = 42D4EDDB1A9E7F02006AE807 /* WeatherAroundUsTests.xctest */;
			productType = "com.apple.product-type.bundle.unit-test";
		};
/* End PBXNativeTarget section */

/* Begin PBXProject section */
		42D4EDBB1A9E7F02006AE807 /* Project object */ = {
			isa = PBXProject;
			attributes = {
				LastUpgradeCheck = 0610;
				ORGANIZATIONNAME = "Kedan Li";
				TargetAttributes = {
					42D4EDC21A9E7F02006AE807 = {
						CreatedOnToolsVersion = 6.1.1;
					};
					42D4EDDA1A9E7F02006AE807 = {
						CreatedOnToolsVersion = 6.1.1;
						TestTargetID = 42D4EDC21A9E7F02006AE807;
					};
				};
			};
			buildConfigurationList = 42D4EDBE1A9E7F02006AE807 /* Build configuration list for PBXProject "WeatherAroundUs" */;
			compatibilityVersion = "Xcode 3.2";
			developmentRegion = English;
			hasScannedForEncodings = 0;
			knownRegions = (
				en,
				Base,
			);
			mainGroup = 42D4EDBA1A9E7F02006AE807;
			productRefGroup = 42D4EDC41A9E7F02006AE807 /* Products */;
			projectDirPath = "";
			projectRoot = "";
			targets = (
				42D4EDC21A9E7F02006AE807 /* WeatherAroundUs */,
				42D4EDDA1A9E7F02006AE807 /* WeatherAroundUsTests */,
			);
		};
/* End PBXProject section */

/* Begin PBXResourcesBuildPhase section */
		42D4EDC11A9E7F02006AE807 /* Resources */ = {
			isa = PBXResourcesBuildPhase;
			buildActionMask = 2147483647;
			files = (
				42D4EDD11A9E7F02006AE807 /* Main.storyboard in Resources */,
				42D4EDD61A9E7F02006AE807 /* LaunchScreen.xib in Resources */,
				42D4EDD31A9E7F02006AE807 /* Images.xcassets in Resources */,
			);
			runOnlyForDeploymentPostprocessing = 0;
		};
		42D4EDD91A9E7F02006AE807 /* Resources */ = {
			isa = PBXResourcesBuildPhase;
			buildActionMask = 2147483647;
			files = (
			);
			runOnlyForDeploymentPostprocessing = 0;
		};
/* End PBXResourcesBuildPhase section */

/* Begin PBXSourcesBuildPhase section */
		42D4EDBF1A9E7F02006AE807 /* Sources */ = {
			isa = PBXSourcesBuildPhase;
			buildActionMask = 2147483647;
			files = (
				42D4EDCE1A9E7F02006AE807 /* ViewController.swift in Sources */,
				42D4EDC91A9E7F02006AE807 /* AppDelegate.swift in Sources */,
				42D4EDCC1A9E7F02006AE807 /* WeatherAroundUs.xcdatamodeld in Sources */,
			);
			runOnlyForDeploymentPostprocessing = 0;
		};
		42D4EDD71A9E7F02006AE807 /* Sources */ = {
			isa = PBXSourcesBuildPhase;
			buildActionMask = 2147483647;
			files = (
				42D4EDE21A9E7F02006AE807 /* WeatherAroundUsTests.swift in Sources */,
			);
			runOnlyForDeploymentPostprocessing = 0;
		};
/* End PBXSourcesBuildPhase section */

/* Begin PBXTargetDependency section */
		42D4EDDD1A9E7F02006AE807 /* PBXTargetDependency */ = {
			isa = PBXTargetDependency;
			target = 42D4EDC21A9E7F02006AE807 /* WeatherAroundUs */;
			targetProxy = 42D4EDDC1A9E7F02006AE807 /* PBXContainerItemProxy */;
		};
/* End PBXTargetDependency section */

/* Begin PBXVariantGroup section */
		42D4EDCF1A9E7F02006AE807 /* Main.storyboard */ = {
			isa = PBXVariantGroup;
			children = (
				42D4EDD01A9E7F02006AE807 /* Base */,
			);
			name = Main.storyboard;
			sourceTree = "<group>";
		};
		42D4EDD41A9E7F02006AE807 /* LaunchScreen.xib */ = {
			isa = PBXVariantGroup;
			children = (
				42D4EDD51A9E7F02006AE807 /* Base */,
			);
			name = LaunchScreen.xib;
			sourceTree = "<group>";
		};
/* End PBXVariantGroup section */

/* Begin XCBuildConfiguration section */
		42D4EDE31A9E7F02006AE807 /* Debug */ = {
			isa = XCBuildConfiguration;
			buildSettings = {
				ALWAYS_SEARCH_USER_PATHS = NO;
				CLANG_CXX_LANGUAGE_STANDARD = "gnu++0x";
				CLANG_CXX_LIBRARY = "libc++";
				CLANG_ENABLE_MODULES = YES;
				CLANG_ENABLE_OBJC_ARC = YES;
				CLANG_WARN_BOOL_CONVERSION = YES;
				CLANG_WARN_CONSTANT_CONVERSION = YES;
				CLANG_WARN_DIRECT_OBJC_ISA_USAGE = YES_ERROR;
				CLANG_WARN_EMPTY_BODY = YES;
				CLANG_WARN_ENUM_CONVERSION = YES;
				CLANG_WARN_INT_CONVERSION = YES;
				CLANG_WARN_OBJC_ROOT_CLASS = YES_ERROR;
				CLANG_WARN_UNREACHABLE_CODE = YES;
				CLANG_WARN__DUPLICATE_METHOD_MATCH = YES;
				"CODE_SIGN_IDENTITY[sdk=iphoneos*]" = "iPhone Developer";
				COPY_PHASE_STRIP = NO;
				ENABLE_STRICT_OBJC_MSGSEND = YES;
				GCC_C_LANGUAGE_STANDARD = gnu99;
				GCC_DYNAMIC_NO_PIC = NO;
				GCC_OPTIMIZATION_LEVEL = 0;
				GCC_PREPROCESSOR_DEFINITIONS = (
					"DEBUG=1",
					"$(inherited)",
				);
				GCC_SYMBOLS_PRIVATE_EXTERN = NO;
				GCC_WARN_64_TO_32_BIT_CONVERSION = YES;
				GCC_WARN_ABOUT_RETURN_TYPE = YES_ERROR;
				GCC_WARN_UNDECLARED_SELECTOR = YES;
				GCC_WARN_UNINITIALIZED_AUTOS = YES_AGGRESSIVE;
				GCC_WARN_UNUSED_FUNCTION = YES;
				GCC_WARN_UNUSED_VARIABLE = YES;
				IPHONEOS_DEPLOYMENT_TARGET = 8.1;
				MTL_ENABLE_DEBUG_INFO = YES;
				ONLY_ACTIVE_ARCH = YES;
				SDKROOT = iphoneos;
				SWIFT_OPTIMIZATION_LEVEL = "-Onone";
			};
			name = Debug;
		};
		42D4EDE41A9E7F02006AE807 /* Release */ = {
			isa = XCBuildConfiguration;
			buildSettings = {
				ALWAYS_SEARCH_USER_PATHS = NO;
				CLANG_CXX_LANGUAGE_STANDARD = "gnu++0x";
				CLANG_CXX_LIBRARY = "libc++";
				CLANG_ENABLE_MODULES = YES;
				CLANG_ENABLE_OBJC_ARC = YES;
				CLANG_WARN_BOOL_CONVERSION = YES;
				CLANG_WARN_CONSTANT_CONVERSION = YES;
				CLANG_WARN_DIRECT_OBJC_ISA_USAGE = YES_ERROR;
				CLANG_WARN_EMPTY_BODY = YES;
				CLANG_WARN_ENUM_CONVERSION = YES;
				CLANG_WARN_INT_CONVERSION = YES;
				CLANG_WARN_OBJC_ROOT_CLASS = YES_ERROR;
				CLANG_WARN_UNREACHABLE_CODE = YES;
				CLANG_WARN__DUPLICATE_METHOD_MATCH = YES;
				"CODE_SIGN_IDENTITY[sdk=iphoneos*]" = "iPhone Developer";
				COPY_PHASE_STRIP = YES;
				ENABLE_NS_ASSERTIONS = NO;
				ENABLE_STRICT_OBJC_MSGSEND = YES;
				GCC_C_LANGUAGE_STANDARD = gnu99;
				GCC_WARN_64_TO_32_BIT_CONVERSION = YES;
				GCC_WARN_ABOUT_RETURN_TYPE = YES_ERROR;
				GCC_WARN_UNDECLARED_SELECTOR = YES;
				GCC_WARN_UNINITIALIZED_AUTOS = YES_AGGRESSIVE;
				GCC_WARN_UNUSED_FUNCTION = YES;
				GCC_WARN_UNUSED_VARIABLE = YES;
				IPHONEOS_DEPLOYMENT_TARGET = 8.1;
				MTL_ENABLE_DEBUG_INFO = NO;
				SDKROOT = iphoneos;
				VALIDATE_PRODUCT = YES;
			};
			name = Release;
		};
		42D4EDE61A9E7F02006AE807 /* Debug */ = {
			isa = XCBuildConfiguration;
			buildSettings = {
				ASSETCATALOG_COMPILER_APPICON_NAME = AppIcon;
				INFOPLIST_FILE = WeatherAroundUs/Info.plist;
				LD_RUNPATH_SEARCH_PATHS = "$(inherited) @executable_path/Frameworks";
				PRODUCT_NAME = "$(TARGET_NAME)";
			};
			name = Debug;
		};
		42D4EDE71A9E7F02006AE807 /* Release */ = {
			isa = XCBuildConfiguration;
			buildSettings = {
				ASSETCATALOG_COMPILER_APPICON_NAME = AppIcon;
				INFOPLIST_FILE = WeatherAroundUs/Info.plist;
				LD_RUNPATH_SEARCH_PATHS = "$(inherited) @executable_path/Frameworks";
				PRODUCT_NAME = "$(TARGET_NAME)";
			};
			name = Release;
		};
		42D4EDE91A9E7F02006AE807 /* Debug */ = {
			isa = XCBuildConfiguration;
			buildSettings = {
				BUNDLE_LOADER = "$(TEST_HOST)";
				FRAMEWORK_SEARCH_PATHS = (
					"$(SDKROOT)/Developer/Library/Frameworks",
					"$(inherited)",
				);
				GCC_PREPROCESSOR_DEFINITIONS = (
					"DEBUG=1",
					"$(inherited)",
				);
				INFOPLIST_FILE = WeatherAroundUsTests/Info.plist;
				LD_RUNPATH_SEARCH_PATHS = "$(inherited) @executable_path/Frameworks @loader_path/Frameworks";
				PRODUCT_NAME = "$(TARGET_NAME)";
				TEST_HOST = "$(BUILT_PRODUCTS_DIR)/WeatherAroundUs.app/WeatherAroundUs";
			};
			name = Debug;
		};
		42D4EDEA1A9E7F02006AE807 /* Release */ = {
			isa = XCBuildConfiguration;
			buildSettings = {
				BUNDLE_LOADER = "$(TEST_HOST)";
				FRAMEWORK_SEARCH_PATHS = (
					"$(SDKROOT)/Developer/Library/Frameworks",
					"$(inherited)",
				);
				INFOPLIST_FILE = WeatherAroundUsTests/Info.plist;
				LD_RUNPATH_SEARCH_PATHS = "$(inherited) @executable_path/Frameworks @loader_path/Frameworks";
				PRODUCT_NAME = "$(TARGET_NAME)";
				TEST_HOST = "$(BUILT_PRODUCTS_DIR)/WeatherAroundUs.app/WeatherAroundUs";
			};
			name = Release;
		};
/* End XCBuildConfiguration section */

/* Begin XCConfigurationList section */
		42D4EDBE1A9E7F02006AE807 /* Build configuration list for PBXProject "WeatherAroundUs" */ = {
			isa = XCConfigurationList;
			buildConfigurations = (
				42D4EDE31A9E7F02006AE807 /* Debug */,
				42D4EDE41A9E7F02006AE807 /* Release */,
			);
			defaultConfigurationIsVisible = 0;
			defaultConfigurationName = Release;
		};
		42D4EDE51A9E7F02006AE807 /* Build configuration list for PBXNativeTarget "WeatherAroundUs" */ = {
			isa = XCConfigurationList;
			buildConfigurations = (
				42D4EDE61A9E7F02006AE807 /* Debug */,
				42D4EDE71A9E7F02006AE807 /* Release */,
			);
			defaultConfigurationIsVisible = 0;
		};
		42D4EDE81A9E7F02006AE807 /* Build configuration list for PBXNativeTarget "WeatherAroundUsTests" */ = {
			isa = XCConfigurationList;
			buildConfigurations = (
				42D4EDE91A9E7F02006AE807 /* Debug */,
				42D4EDEA1A9E7F02006AE807 /* Release */,
			);
			defaultConfigurationIsVisible = 0;
		};
/* End XCConfigurationList section */

/* Begin XCVersionGroup section */
		42D4EDCA1A9E7F02006AE807 /* WeatherAroundUs.xcdatamodeld */ = {
			isa = XCVersionGroup;
			children = (
				42D4EDCB1A9E7F02006AE807 /* WeatherAroundUs.xcdatamodel */,
			);
			currentVersion = 42D4EDCB1A9E7F02006AE807 /* WeatherAroundUs.xcdatamodel */;
			path = WeatherAroundUs.xcdatamodeld;
			sourceTree = "<group>";
			versionGroupType = wrapper.xcdatamodel;
		};
/* End XCVersionGroup section */
	};
	rootObject = 42D4EDBB1A9E7F02006AE807 /* Project object */;
}
